<?xml version="1.0" encoding="utf-8"?>
<Project ToolsVersion="4.0" xmlns="http://schemas.microsoft.com/developer/msbuild/2003">
  <ItemGroup>
    <Filter Include="Source Files">
      <UniqueIdentifier>{4FC737F1-C7A5-4376-A066-2A32D752A2FF}</UniqueIdentifier>
      <Extensions>cpp;c;cc;cxx;def;odl;idl;hpj;bat;asm;asmx</Extensions>
    </Filter>
    <Filter Include="Header Files">
      <UniqueIdentifier>{93995380-89BD-4b04-88EB-625FBE52EBFB}</UniqueIdentifier>
      <Extensions>h;hpp;hxx;hm;inl;inc;xsd</Extensions>
    </Filter>
    <Filter Include="image">
      <UniqueIdentifier>{e667dbe7-6909-4f2a-80d8-a2c4b5ac5035}</UniqueIdentifier>
    </Filter>
    <Filter Include="test">
      <UniqueIdentifier>{35e19fee-069b-484d-a570-be4d96a61b5a}</UniqueIdentifier>
    </Filter>
    <Filter Include="math">
      <UniqueIdentifier>{5f34a51b-980b-40a5-8ae9-5181a3dcce3f}</UniqueIdentifier>
    </Filter>
    <Filter Include="misc">
      <UniqueIdentifier>{051b60d1-f9ee-432e-91e5-3d65630b5c98}</UniqueIdentifier>
    </Filter>
  </ItemGroup>
  <ItemGroup>
    <ClInclude Include="image\Coord.h">
      <Filter>image</Filter>
    </ClInclude>
    <ClInclude Include="image\RGBAColor.h">
      <Filter>image</Filter>
    </ClInclude>
    <ClInclude Include="test\describe.h">
      <Filter>test</Filter>
    </ClInclude>
    <ClInclude Include="test\expect.h">
      <Filter>test</Filter>
    </ClInclude>
    <ClInclude Include="test\spec.h">
      <Filter>test</Filter>
    </ClInclude>
    <ClInclude Include="ext.h">
      <Filter>Header Files</Filter>
    </ClInclude>
    <ClInclude Include="math\Matrix.h">
      <Filter>math</Filter>
    </ClInclude>
    <ClInclude Include="misc\console.h">
      <Filter>misc</Filter>
    </ClInclude>
    <ClInclude Include="misc\error.h">
      <Filter>misc</Filter>
    </ClInclude>
    <ClInclude Include="test\benchmark.h">
      <Filter>test</Filter>
    </ClInclude>
    <ClInclude Include="misc\macros.h">
      <Filter>misc</Filter>
    </ClInclude>
    <ClInclude Include="misc\log.h">
      <Filter>misc</Filter>
    </ClInclude>
    <ClInclude Include="image\RGBAImage.h">
      <Filter>image</Filter>
    </ClInclude>
    <ClInclude Include="image\GrayImage.h">
      <Filter>image</Filter>
    </ClInclude>
    <ClInclude Include="image\Image.h">
      <Filter>image</Filter>
    </ClInclude>
    <ClInclude Include="math\GrayImage.h">
      <Filter>math</Filter>
    </ClInclude>
    <ClInclude Include="image\BlackImage.h">
      <Filter>image</Filter>
    </ClInclude>
    <ClInclude Include="math\BlackImage.h">
      <Filter>math</Filter>
    </ClInclude>
    <ClInclude Include="math\Set.h">
      <Filter>math</Filter>
    </ClInclude>
  </ItemGroup>
  <ItemGroup>
    <ClCompile Include="Source.cpp">
      <Filter>Source Files</Filter>
    </ClCompile>
  </ItemGroup>
</Project>